
Microsoft Visual Studio Solution File, Format Version 12.00
# Visual Studio Version 17
VisualStudioVersion = 17.8.34330.188
MinimumVisualStudioVersion = 10.0.40219.1
Project("{9A19103F-16F7-4668-BE54-9A1E7A4F7556}") = "BookStoreApp", "BookStoreApp\BookStoreApp.csproj", "{238C9293-0A76-457D-A661-57EF56058D74}"
EndProject
Project("{FAE04EC0-301F-11D3-BF4B-00C04F79EFBC}") = "WebRazorPages_Temp", "WebRazorPages_Temp\WebRazorPages_Temp.csproj", "{4E495B92-B495-4D7A-8307-F862DC0104F9}"
EndProject
Global
	GlobalSection(SolutionConfigurationPlatforms) = preSolution
		Debug|Any CPU = Debug|Any CPU
		Release|Any CPU = Release|Any CPU
	EndGlobalSection
	GlobalSection(ProjectConfigurationPlatforms) = postSolution
		{238C9293-0A76-457D-A661-57EF56058D74}.Debug|Any CPU.ActiveCfg = Debug|Any CPU
		{238C9293-0A76-457D-A661-57EF56058D74}.Debug|Any CPU.Build.0 = Debug|Any CPU
		{238C9293-0A76-457D-A661-57EF56058D74}.Release|Any CPU.ActiveCfg = Release|Any CPU
		{238C9293-0A76-457D-A661-57EF56058D74}.Release|Any CPU.Build.0 = Release|Any CPU
		{4E495B92-B495-4D7A-8307-F862DC0104F9}.Debug|Any CPU.ActiveCfg = Debug|Any CPU
		{4E495B92-B495-4D7A-8307-F862DC0104F9}.Debug|Any CPU.Build.0 = Debug|Any CPU
		{4E495B92-B495-4D7A-8307-F862DC0104F9}.Release|Any CPU.ActiveCfg = Release|Any CPU
		{4E495B92-B495-4D7A-8307-F862DC0104F9}.Release|Any CPU.Build.0 = Release|Any CPU
	EndGlobalSection
	GlobalSection(SolutionProperties) = preSolution
		HideSolutionNode = FALSE
	EndGlobalSection
	GlobalSection(ExtensibilityGlobals) = postSolution
		SolutionGuid = {5ED5632C-BF06-4D09-AD35-52AC61BF1755}
	EndGlobalSection
EndGlobal
